// !$*UTF8*$!
{
	archiveVersion = 1;
	classes = {
	};
	objectVersion = 52;
	objects = {

/* Begin PBXBuildFile section */
		A493CF342455F64400EB8947 /* AppDelegate.swift in Sources */ = {isa = PBXBuildFile; fileRef = A493CF332455F64400EB8947 /* AppDelegate.swift */; };
		A493CF362455F64400EB8947 /* SceneDelegate.swift in Sources */ = {isa = PBXBuildFile; fileRef = A493CF352455F64400EB8947 /* SceneDelegate.swift */; };
		A493CF3D2455F64700EB8947 /* Assets.xcassets in Resources */ = {isa = PBXBuildFile; fileRef = A493CF3C2455F64700EB8947 /* Assets.xcassets */; };
		A493CF402455F64700EB8947 /* LaunchScreen.storyboard in Resources */ = {isa = PBXBuildFile; fileRef = A493CF3E2455F64700EB8947 /* LaunchScreen.storyboard */; };
		A493CF4B2455F64700EB8947 /* CatsTests.swift in Sources */ = {isa = PBXBuildFile; fileRef = A493CF4A2455F64700EB8947 /* CatsTests.swift */; };
		A493CF572455F72A00EB8947 /* Moya in Frameworks */ = {isa = PBXBuildFile; productRef = A493CF562455F72A00EB8947 /* Moya */; };
		A493CF5E2455F88800EB8947 /* PromiseKit in Frameworks */ = {isa = PBXBuildFile; productRef = A493CF5D2455F88800EB8947 /* PromiseKit */; };
		A493CF6B2455F94000EB8947 /* UIView+Constraints+Gradient.swift in Sources */ = {isa = PBXBuildFile; fileRef = A493CF612455F94000EB8947 /* UIView+Constraints+Gradient.swift */; };
		A493CF6C2455F94000EB8947 /* Formatter+iso8601.swift in Sources */ = {isa = PBXBuildFile; fileRef = A493CF622455F94000EB8947 /* Formatter+iso8601.swift */; };
		A493CF6E2455F94000EB8947 /* UITableView+Dequeue+Register.swift in Sources */ = {isa = PBXBuildFile; fileRef = A493CF642455F94000EB8947 /* UITableView+Dequeue+Register.swift */; };
		A493CF7A2455F94A00EB8947 /* ViewCodable.swift in Sources */ = {isa = PBXBuildFile; fileRef = A493CF752455F94A00EB8947 /* ViewCodable.swift */; };
		A493CF7C2455F94A00EB8947 /* ImageDownloadable.swift in Sources */ = {isa = PBXBuildFile; fileRef = A493CF772455F94A00EB8947 /* ImageDownloadable.swift */; };
		A493CF7D2455F94A00EB8947 /* Searchable.swift in Sources */ = {isa = PBXBuildFile; fileRef = A493CF782455F94A00EB8947 /* Searchable.swift */; };
		A493CF862455F98C00EB8947 /* Session.swift in Sources */ = {isa = PBXBuildFile; fileRef = A493CF802455F98C00EB8947 /* Session.swift */; };
		A493CF872455F98C00EB8947 /* Provider.swift in Sources */ = {isa = PBXBuildFile; fileRef = A493CF812455F98C00EB8947 /* Provider.swift */; };
		A493CF882455F98C00EB8947 /* ResponseError.swift in Sources */ = {isa = PBXBuildFile; fileRef = A493CF832455F98C00EB8947 /* ResponseError.swift */; };
		A493CF8A2455F98C00EB8947 /* Gallery.swift in Sources */ = {isa = PBXBuildFile; fileRef = A493CF852455F98C00EB8947 /* Gallery.swift */; };
		A493CF8C2455FC2B00EB8947 /* User.swift in Sources */ = {isa = PBXBuildFile; fileRef = A493CF8B2455FC2B00EB8947 /* User.swift */; };
		A493CF8E2456006D00EB8947 /* ViewController.swift in Sources */ = {isa = PBXBuildFile; fileRef = A493CF8D2456006D00EB8947 /* ViewController.swift */; };
		A493CF932456009E00EB8947 /* CellViewModel.swift in Sources */ = {isa = PBXBuildFile; fileRef = A493CF902456009E00EB8947 /* CellViewModel.swift */; };
		A493CF952456009E00EB8947 /* ControllerViewModel.swift in Sources */ = {isa = PBXBuildFile; fileRef = A493CF922456009E00EB8947 /* ControllerViewModel.swift */; };
		A493CF972456024C00EB8947 /* ListView.swift in Sources */ = {isa = PBXBuildFile; fileRef = A493CF962456024C00EB8947 /* ListView.swift */; };
		A493CF992456037300EB8947 /* CatsViewModel.swift in Sources */ = {isa = PBXBuildFile; fileRef = A493CF982456037300EB8947 /* CatsViewModel.swift */; };
		A493CF9D245604DD00EB8947 /* ImageCell.swift in Sources */ = {isa = PBXBuildFile; fileRef = A493CF9B245604DD00EB8947 /* ImageCell.swift */; };
		A493CFA02456055600EB8947 /* UIImageView+ConvenienceInit.swift in Sources */ = {isa = PBXBuildFile; fileRef = A493CF9F2456055600EB8947 /* UIImageView+ConvenienceInit.swift */; };
/* End PBXBuildFile section */

/* Begin PBXContainerItemProxy section */
		A493CF472455F64700EB8947 /* PBXContainerItemProxy */ = {
			isa = PBXContainerItemProxy;
			containerPortal = A493CF282455F64400EB8947 /* Project object */;
			proxyType = 1;
			remoteGlobalIDString = A493CF2F2455F64400EB8947;
			remoteInfo = Cats;
		};
/* End PBXContainerItemProxy section */

/* Begin PBXFileReference section */
		A493CF302455F64400EB8947 /* Cats.app */ = {isa = PBXFileReference; explicitFileType = wrapper.application; includeInIndex = 0; path = Cats.app; sourceTree = BUILT_PRODUCTS_DIR; };
		A493CF332455F64400EB8947 /* AppDelegate.swift */ = {isa = PBXFileReference; lastKnownFileType = sourcecode.swift; path = AppDelegate.swift; sourceTree = "<group>"; };
		A493CF352455F64400EB8947 /* SceneDelegate.swift */ = {isa = PBXFileReference; lastKnownFileType = sourcecode.swift; path = SceneDelegate.swift; sourceTree = "<group>"; };
		A493CF3C2455F64700EB8947 /* Assets.xcassets */ = {isa = PBXFileReference; lastKnownFileType = folder.assetcatalog; path = Assets.xcassets; sourceTree = "<group>"; };
		A493CF3F2455F64700EB8947 /* Base */ = {isa = PBXFileReference; lastKnownFileType = file.storyboard; name = Base; path = Base.lproj/LaunchScreen.storyboard; sourceTree = "<group>"; };
		A493CF412455F64700EB8947 /* Info.plist */ = {isa = PBXFileReference; lastKnownFileType = text.plist.xml; path = Info.plist; sourceTree = "<group>"; };
		A493CF462455F64700EB8947 /* CatsTests.xctest */ = {isa = PBXFileReference; explicitFileType = wrapper.cfbundle; includeInIndex = 0; path = CatsTests.xctest; sourceTree = BUILT_PRODUCTS_DIR; };
		A493CF4A2455F64700EB8947 /* CatsTests.swift */ = {isa = PBXFileReference; lastKnownFileType = sourcecode.swift; path = CatsTests.swift; sourceTree = "<group>"; };
		A493CF4C2455F64700EB8947 /* Info.plist */ = {isa = PBXFileReference; lastKnownFileType = text.plist.xml; path = Info.plist; sourceTree = "<group>"; };
		A493CF612455F94000EB8947 /* UIView+Constraints+Gradient.swift */ = {isa = PBXFileReference; fileEncoding = 4; lastKnownFileType = sourcecode.swift; path = "UIView+Constraints+Gradient.swift"; sourceTree = "<group>"; };
		A493CF622455F94000EB8947 /* Formatter+iso8601.swift */ = {isa = PBXFileReference; fileEncoding = 4; lastKnownFileType = sourcecode.swift; path = "Formatter+iso8601.swift"; sourceTree = "<group>"; };
		A493CF642455F94000EB8947 /* UITableView+Dequeue+Register.swift */ = {isa = PBXFileReference; fileEncoding = 4; lastKnownFileType = sourcecode.swift; path = "UITableView+Dequeue+Register.swift"; sourceTree = "<group>"; };
		A493CF752455F94A00EB8947 /* ViewCodable.swift */ = {isa = PBXFileReference; fileEncoding = 4; lastKnownFileType = sourcecode.swift; path = ViewCodable.swift; sourceTree = "<group>"; };
		A493CF772455F94A00EB8947 /* ImageDownloadable.swift */ = {isa = PBXFileReference; fileEncoding = 4; lastKnownFileType = sourcecode.swift; path = ImageDownloadable.swift; sourceTree = "<group>"; };
		A493CF782455F94A00EB8947 /* Searchable.swift */ = {isa = PBXFileReference; fileEncoding = 4; lastKnownFileType = sourcecode.swift; path = Searchable.swift; sourceTree = "<group>"; };
		A493CF802455F98C00EB8947 /* Session.swift */ = {isa = PBXFileReference; fileEncoding = 4; lastKnownFileType = sourcecode.swift; path = Session.swift; sourceTree = "<group>"; };
		A493CF812455F98C00EB8947 /* Provider.swift */ = {isa = PBXFileReference; fileEncoding = 4; lastKnownFileType = sourcecode.swift; path = Provider.swift; sourceTree = "<group>"; };
		A493CF832455F98C00EB8947 /* ResponseError.swift */ = {isa = PBXFileReference; fileEncoding = 4; lastKnownFileType = sourcecode.swift; path = ResponseError.swift; sourceTree = "<group>"; };
		A493CF852455F98C00EB8947 /* Gallery.swift */ = {isa = PBXFileReference; fileEncoding = 4; lastKnownFileType = sourcecode.swift; path = Gallery.swift; sourceTree = "<group>"; };
		A493CF8B2455FC2B00EB8947 /* User.swift */ = {isa = PBXFileReference; lastKnownFileType = sourcecode.swift; path = User.swift; sourceTree = "<group>"; };
		A493CF8D2456006D00EB8947 /* ViewController.swift */ = {isa = PBXFileReference; fileEncoding = 4; lastKnownFileType = sourcecode.swift; path = ViewController.swift; sourceTree = "<group>"; };
		A493CF902456009E00EB8947 /* CellViewModel.swift */ = {isa = PBXFileReference; fileEncoding = 4; lastKnownFileType = sourcecode.swift; path = CellViewModel.swift; sourceTree = "<group>"; };
		A493CF922456009E00EB8947 /* ControllerViewModel.swift */ = {isa = PBXFileReference; fileEncoding = 4; lastKnownFileType = sourcecode.swift; path = ControllerViewModel.swift; sourceTree = "<group>"; };
		A493CF962456024C00EB8947 /* ListView.swift */ = {isa = PBXFileReference; fileEncoding = 4; lastKnownFileType = sourcecode.swift; path = ListView.swift; sourceTree = "<group>"; };
		A493CF982456037300EB8947 /* CatsViewModel.swift */ = {isa = PBXFileReference; fileEncoding = 4; lastKnownFileType = sourcecode.swift; path = CatsViewModel.swift; sourceTree = "<group>"; };
		A493CF9B245604DD00EB8947 /* ImageCell.swift */ = {isa = PBXFileReference; fileEncoding = 4; lastKnownFileType = sourcecode.swift; path = ImageCell.swift; sourceTree = "<group>"; };
		A493CF9F2456055600EB8947 /* UIImageView+ConvenienceInit.swift */ = {isa = PBXFileReference; fileEncoding = 4; lastKnownFileType = sourcecode.swift; path = "UIImageView+ConvenienceInit.swift"; sourceTree = "<group>"; };
/* End PBXFileReference section */

/* Begin PBXFrameworksBuildPhase section */
		A493CF2D2455F64400EB8947 /* Frameworks */ = {
			isa = PBXFrameworksBuildPhase;
			buildActionMask = 2147483647;
			files = (
				A493CF572455F72A00EB8947 /* Moya in Frameworks */,
				A493CF5E2455F88800EB8947 /* PromiseKit in Frameworks */,
			);
			runOnlyForDeploymentPostprocessing = 0;
		};
		A493CF432455F64700EB8947 /* Frameworks */ = {
			isa = PBXFrameworksBuildPhase;
			buildActionMask = 2147483647;
			files = (
			);
			runOnlyForDeploymentPostprocessing = 0;
		};
/* End PBXFrameworksBuildPhase section */

/* Begin PBXGroup section */
		A493CF272455F64400EB8947 = {
			isa = PBXGroup;
			children = (
				A493CF322455F64400EB8947 /* Cats */,
				A493CF492455F64700EB8947 /* CatsTests */,
				A493CF312455F64400EB8947 /* Products */,
			);
			sourceTree = "<group>";
		};
		A493CF312455F64400EB8947 /* Products */ = {
			isa = PBXGroup;
			children = (
				A493CF302455F64400EB8947 /* Cats.app */,
				A493CF462455F64700EB8947 /* CatsTests.xctest */,
			);
			name = Products;
			sourceTree = "<group>";
		};
		A493CF322455F64400EB8947 /* Cats */ = {
			isa = PBXGroup;
			children = (
				A493CF332455F64400EB8947 /* AppDelegate.swift */,
				A493CF352455F64400EB8947 /* SceneDelegate.swift */,
				A493CF7F2455F98C00EB8947 /* Networking */,
				A493CF742455F94A00EB8947 /* Protocol */,
				A493CF5F2455F94000EB8947 /* Extension */,
				A493CFA12456386900EB8947 /* Controller */,
				A493CF9A245604DD00EB8947 /* Views */,
				A493CF8F2456009E00EB8947 /* ViewModel */,
				A493CF3C2455F64700EB8947 /* Assets.xcassets */,
				A493CF3E2455F64700EB8947 /* LaunchScreen.storyboard */,
				A493CF412455F64700EB8947 /* Info.plist */,
			);
			path = Cats;
			sourceTree = "<group>";
		};
		A493CF492455F64700EB8947 /* CatsTests */ = {
			isa = PBXGroup;
			children = (
				A493CF4A2455F64700EB8947 /* CatsTests.swift */,
				A493CF4C2455F64700EB8947 /* Info.plist */,
			);
			path = CatsTests;
			sourceTree = "<group>";
		};
		A493CF5F2455F94000EB8947 /* Extension */ = {
			isa = PBXGroup;
			children = (
				A493CF9F2456055600EB8947 /* UIImageView+ConvenienceInit.swift */,
				A493CF612455F94000EB8947 /* UIView+Constraints+Gradient.swift */,
				A493CF622455F94000EB8947 /* Formatter+iso8601.swift */,
				A493CF642455F94000EB8947 /* UITableView+Dequeue+Register.swift */,
			);
			path = Extension;
			sourceTree = "<group>";
		};
		A493CF742455F94A00EB8947 /* Protocol */ = {
			isa = PBXGroup;
			children = (
				A493CF752455F94A00EB8947 /* ViewCodable.swift */,
				A493CF772455F94A00EB8947 /* ImageDownloadable.swift */,
				A493CF782455F94A00EB8947 /* Searchable.swift */,
			);
			path = Protocol;
			sourceTree = "<group>";
		};
		A493CF7F2455F98C00EB8947 /* Networking */ = {
			isa = PBXGroup;
			children = (
				A493CF802455F98C00EB8947 /* Session.swift */,
				A493CF812455F98C00EB8947 /* Provider.swift */,
				A493CF822455F98C00EB8947 /* Model */,
			);
			path = Networking;
			sourceTree = "<group>";
		};
		A493CF822455F98C00EB8947 /* Model */ = {
			isa = PBXGroup;
			children = (
				A493CF832455F98C00EB8947 /* ResponseError.swift */,
				A493CF852455F98C00EB8947 /* Gallery.swift */,
				A493CF8B2455FC2B00EB8947 /* User.swift */,
			);
			path = Model;
			sourceTree = "<group>";
		};
		A493CF8F2456009E00EB8947 /* ViewModel */ = {
			isa = PBXGroup;
			children = (
				A493CF902456009E00EB8947 /* CellViewModel.swift */,
				A493CF982456037300EB8947 /* CatsViewModel.swift */,
				A493CF922456009E00EB8947 /* ControllerViewModel.swift */,
			);
			path = ViewModel;
			sourceTree = "<group>";
		};
		A493CF9A245604DD00EB8947 /* Views */ = {
			isa = PBXGroup;
			children = (
				A493CF9B245604DD00EB8947 /* ImageCell.swift */,
				A493CF962456024C00EB8947 /* ListView.swift */,
			);
			path = Views;
			sourceTree = "<group>";
		};
		A493CFA12456386900EB8947 /* Controller */ = {
			isa = PBXGroup;
			children = (
				A493CF8D2456006D00EB8947 /* ViewController.swift */,
			);
			path = Controller;
			sourceTree = "<group>";
		};
/* End PBXGroup section */

/* Begin PBXNativeTarget section */
		A493CF2F2455F64400EB8947 /* Cats */ = {
			isa = PBXNativeTarget;
			buildConfigurationList = A493CF4F2455F64700EB8947 /* Build configuration list for PBXNativeTarget "Cats" */;
			buildPhases = (
				A493CF2C2455F64400EB8947 /* Sources */,
				A493CF2D2455F64400EB8947 /* Frameworks */,
				A493CF2E2455F64400EB8947 /* Resources */,
			);
			buildRules = (
			);
			dependencies = (
			);
			name = Cats;
			packageProductDependencies = (
				A493CF562455F72A00EB8947 /* Moya */,
				A493CF5D2455F88800EB8947 /* PromiseKit */,
			);
			productName = Cats;
			productReference = A493CF302455F64400EB8947 /* Cats.app */;
			productType = "com.apple.product-type.application";
		};
		A493CF452455F64700EB8947 /* CatsTests */ = {
			isa = PBXNativeTarget;
			buildConfigurationList = A493CF522455F64700EB8947 /* Build configuration list for PBXNativeTarget "CatsTests" */;
			buildPhases = (
				A493CF422455F64700EB8947 /* Sources */,
				A493CF432455F64700EB8947 /* Frameworks */,
				A493CF442455F64700EB8947 /* Resources */,
			);
			buildRules = (
			);
			dependencies = (
				A493CF482455F64700EB8947 /* PBXTargetDependency */,
			);
			name = CatsTests;
			productName = CatsTests;
			productReference = A493CF462455F64700EB8947 /* CatsTests.xctest */;
			productType = "com.apple.product-type.bundle.unit-test";
		};
/* End PBXNativeTarget section */

/* Begin PBXProject section */
		A493CF282455F64400EB8947 /* Project object */ = {
			isa = PBXProject;
			attributes = {
				LastSwiftUpdateCheck = 1140;
				LastUpgradeCheck = 1140;
				ORGANIZATIONNAME = akhaten;
				TargetAttributes = {
					A493CF2F2455F64400EB8947 = {
						CreatedOnToolsVersion = 11.4.1;
					};
					A493CF452455F64700EB8947 = {
						CreatedOnToolsVersion = 11.4.1;
						TestTargetID = A493CF2F2455F64400EB8947;
					};
				};
			};
			buildConfigurationList = A493CF2B2455F64400EB8947 /* Build configuration list for PBXProject "Cats" */;
			compatibilityVersion = "Xcode 9.3";
			developmentRegion = en;
			hasScannedForEncodings = 0;
			knownRegions = (
				en,
				Base,
			);
			mainGroup = A493CF272455F64400EB8947;
			packageReferences = (
				A493CF552455F72A00EB8947 /* XCRemoteSwiftPackageReference "Moya" */,
				A493CF5C2455F88800EB8947 /* XCRemoteSwiftPackageReference "PromiseKit" */,
			);
			productRefGroup = A493CF312455F64400EB8947 /* Products */;
			projectDirPath = "";
			projectRoot = "";
			targets = (
				A493CF2F2455F64400EB8947 /* Cats */,
				A493CF452455F64700EB8947 /* CatsTests */,
			);
		};
/* End PBXProject section */

/* Begin PBXResourcesBuildPhase section */
		A493CF2E2455F64400EB8947 /* Resources */ = {
			isa = PBXResourcesBuildPhase;
			buildActionMask = 2147483647;
			files = (
				A493CF402455F64700EB8947 /* LaunchScreen.storyboard in Resources */,
				A493CF3D2455F64700EB8947 /* Assets.xcassets in Resources */,
			);
			runOnlyForDeploymentPostprocessing = 0;
		};
		A493CF442455F64700EB8947 /* Resources */ = {
			isa = PBXResourcesBuildPhase;
			buildActionMask = 2147483647;
			files = (
			);
			runOnlyForDeploymentPostprocessing = 0;
		};
/* End PBXResourcesBuildPhase section */

/* Begin PBXSourcesBuildPhase section */
		A493CF2C2455F64400EB8947 /* Sources */ = {
			isa = PBXSourcesBuildPhase;
			buildActionMask = 2147483647;
			files = (
				A493CF8E2456006D00EB8947 /* ViewController.swift in Sources */,
				A493CF6B2455F94000EB8947 /* UIView+Constraints+Gradient.swift in Sources */,
				A493CF7A2455F94A00EB8947 /* ViewCodable.swift in Sources */,
				A493CF7C2455F94A00EB8947 /* ImageDownloadable.swift in Sources */,
				A493CF6E2455F94000EB8947 /* UITableView+Dequeue+Register.swift in Sources */,
				A493CF972456024C00EB8947 /* ListView.swift in Sources */,
				A493CF9D245604DD00EB8947 /* ImageCell.swift in Sources */,
				A493CF882455F98C00EB8947 /* ResponseError.swift in Sources */,
				A493CF6C2455F94000EB8947 /* Formatter+iso8601.swift in Sources */,
				A493CF7D2455F94A00EB8947 /* Searchable.swift in Sources */,
				A493CF342455F64400EB8947 /* AppDelegate.swift in Sources */,
				A493CF862455F98C00EB8947 /* Session.swift in Sources */,
				A493CF932456009E00EB8947 /* CellViewModel.swift in Sources */,
				A493CF992456037300EB8947 /* CatsViewModel.swift in Sources */,
				A493CF872455F98C00EB8947 /* Provider.swift in Sources */,
				A493CF952456009E00EB8947 /* ControllerViewModel.swift in Sources */,
				A493CF362455F64400EB8947 /* SceneDelegate.swift in Sources */,
				A493CF8A2455F98C00EB8947 /* Gallery.swift in Sources */,
				A493CF8C2455FC2B00EB8947 /* User.swift in Sources */,
				A493CFA02456055600EB8947 /* UIImageView+ConvenienceInit.swift in Sources */,
			);
			runOnlyForDeploymentPostprocessing = 0;
		};
		A493CF422455F64700EB8947 /* Sources */ = {
			isa = PBXSourcesBuildPhase;
			buildActionMask = 2147483647;
			files = (
				A493CF4B2455F64700EB8947 /* CatsTests.swift in Sources */,
			);
			runOnlyForDeploymentPostprocessing = 0;
		};
/* End PBXSourcesBuildPhase section */

/* Begin PBXTargetDependency section */
		A493CF482455F64700EB8947 /* PBXTargetDependency */ = {
			isa = PBXTargetDependency;
			target = A493CF2F2455F64400EB8947 /* Cats */;
			targetProxy = A493CF472455F64700EB8947 /* PBXContainerItemProxy */;
		};
/* End PBXTargetDependency section */

/* Begin PBXVariantGroup section */
		A493CF3E2455F64700EB8947 /* LaunchScreen.storyboard */ = {
			isa = PBXVariantGroup;
			children = (
				A493CF3F2455F64700EB8947 /* Base */,
			);
			name = LaunchScreen.storyboard;
			sourceTree = "<group>";
		};
/* End PBXVariantGroup section */

/* Begin XCBuildConfiguration section */
		A493CF4D2455F64700EB8947 /* Debug */ = {
			isa = XCBuildConfiguration;
			buildSettings = {
				ALWAYS_SEARCH_USER_PATHS = NO;
				CLANG_ANALYZER_NONNULL = YES;
				CLANG_ANALYZER_NUMBER_OBJECT_CONVERSION = YES_AGGRESSIVE;
				CLANG_CXX_LANGUAGE_STANDARD = "gnu++14";
				CLANG_CXX_LIBRARY = "libc++";
				CLANG_ENABLE_MODULES = YES;
				CLANG_ENABLE_OBJC_ARC = YES;
				CLANG_ENABLE_OBJC_WEAK = YES;
				CLANG_WARN_BLOCK_CAPTURE_AUTORELEASING = YES;
				CLANG_WARN_BOOL_CONVERSION = YES;
				CLANG_WARN_COMMA = YES;
				CLANG_WARN_CONSTANT_CONVERSION = YES;
				CLANG_WARN_DEPRECATED_OBJC_IMPLEMENTATIONS = YES;
				CLANG_WARN_DIRECT_OBJC_ISA_USAGE = YES_ERROR;
				CLANG_WARN_DOCUMENTATION_COMMENTS = YES;
				CLANG_WARN_EMPTY_BODY = YES;
				CLANG_WARN_ENUM_CONVERSION = YES;
				CLANG_WARN_INFINITE_RECURSION = YES;
				CLANG_WARN_INT_CONVERSION = YES;
				CLANG_WARN_NON_LITERAL_NULL_CONVERSION = YES;
				CLANG_WARN_OBJC_IMPLICIT_RETAIN_SELF = YES;
				CLANG_WARN_OBJC_LITERAL_CONVERSION = YES;
				CLANG_WARN_OBJC_ROOT_CLASS = YES_ERROR;
				CLANG_WARN_RANGE_LOOP_ANALYSIS = YES;
				CLANG_WARN_STRICT_PROTOTYPES = YES;
				CLANG_WARN_SUSPICIOUS_MOVE = YES;
				CLANG_WARN_UNGUARDED_AVAILABILITY = YES_AGGRESSIVE;
				CLANG_WARN_UNREACHABLE_CODE = YES;
				CLANG_WARN__DUPLICATE_METHOD_MATCH = YES;
				COPY_PHASE_STRIP = NO;
				DEBUG_INFORMATION_FORMAT = dwarf;
				ENABLE_STRICT_OBJC_MSGSEND = YES;
				ENABLE_TESTABILITY = YES;
				GCC_C_LANGUAGE_STANDARD = gnu11;
				GCC_DYNAMIC_NO_PIC = NO;
				GCC_NO_COMMON_BLOCKS = YES;
				GCC_OPTIMIZATION_LEVEL = 0;
				GCC_PREPROCESSOR_DEFINITIONS = (
					"DEBUG=1",
					"$(inherited)",
				);
				GCC_WARN_64_TO_32_BIT_CONVERSION = YES;
				GCC_WARN_ABOUT_RETURN_TYPE = YES_ERROR;
				GCC_WARN_UNDECLARED_SELECTOR = YES;
				GCC_WARN_UNINITIALIZED_AUTOS = YES_AGGRESSIVE;
				GCC_WARN_UNUSED_FUNCTION = YES;
				GCC_WARN_UNUSED_VARIABLE = YES;
				IPHONEOS_DEPLOYMENT_TARGET = 13.4;
				MTL_ENABLE_DEBUG_INFO = INCLUDE_SOURCE;
				MTL_FAST_MATH = YES;
				ONLY_ACTIVE_ARCH = YES;
				SDKROOT = iphoneos;
				SWIFT_ACTIVE_COMPILATION_CONDITIONS = DEBUG;
				SWIFT_OPTIMIZATION_LEVEL = "-Onone";
			};
			name = Debug;
		};
		A493CF4E2455F64700EB8947 /* Release */ = {
			isa = XCBuildConfiguration;
			buildSettings = {
				ALWAYS_SEARCH_USER_PATHS = NO;
				CLANG_ANALYZER_NONNULL = YES;
				CLANG_ANALYZER_NUMBER_OBJECT_CONVERSION = YES_AGGRESSIVE;
				CLANG_CXX_LANGUAGE_STANDARD = "gnu++14";
				CLANG_CXX_LIBRARY = "libc++";
				CLANG_ENABLE_MODULES = YES;
				CLANG_ENABLE_OBJC_ARC = YES;
				CLANG_ENABLE_OBJC_WEAK = YES;
				CLANG_WARN_BLOCK_CAPTURE_AUTORELEASING = YES;
				CLANG_WARN_BOOL_CONVERSION = YES;
				CLANG_WARN_COMMA = YES;
				CLANG_WARN_CONSTANT_CONVERSION = YES;
				CLANG_WARN_DEPRECATED_OBJC_IMPLEMENTATIONS = YES;
				CLANG_WARN_DIRECT_OBJC_ISA_USAGE = YES_ERROR;
				CLANG_WARN_DOCUMENTATION_COMMENTS = YES;
				CLANG_WARN_EMPTY_BODY = YES;
				CLANG_WARN_ENUM_CONVERSION = YES;
				CLANG_WARN_INFINITE_RECURSION = YES;
				CLANG_WARN_INT_CONVERSION = YES;
				CLANG_WARN_NON_LITERAL_NULL_CONVERSION = YES;
				CLANG_WARN_OBJC_IMPLICIT_RETAIN_SELF = YES;
				CLANG_WARN_OBJC_LITERAL_CONVERSION = YES;
				CLANG_WARN_OBJC_ROOT_CLASS = YES_ERROR;
				CLANG_WARN_RANGE_LOOP_ANALYSIS = YES;
				CLANG_WARN_STRICT_PROTOTYPES = YES;
				CLANG_WARN_SUSPICIOUS_MOVE = YES;
				CLANG_WARN_UNGUARDED_AVAILABILITY = YES_AGGRESSIVE;
				CLANG_WARN_UNREACHABLE_CODE = YES;
				CLANG_WARN__DUPLICATE_METHOD_MATCH = YES;
				COPY_PHASE_STRIP = NO;
				DEBUG_INFORMATION_FORMAT = "dwarf-with-dsym";
				ENABLE_NS_ASSERTIONS = NO;
				ENABLE_STRICT_OBJC_MSGSEND = YES;
				GCC_C_LANGUAGE_STANDARD = gnu11;
				GCC_NO_COMMON_BLOCKS = YES;
				GCC_WARN_64_TO_32_BIT_CONVERSION = YES;
				GCC_WARN_ABOUT_RETURN_TYPE = YES_ERROR;
				GCC_WARN_UNDECLARED_SELECTOR = YES;
				GCC_WARN_UNINITIALIZED_AUTOS = YES_AGGRESSIVE;
				GCC_WARN_UNUSED_FUNCTION = YES;
				GCC_WARN_UNUSED_VARIABLE = YES;
				IPHONEOS_DEPLOYMENT_TARGET = 13.4;
				MTL_ENABLE_DEBUG_INFO = NO;
				MTL_FAST_MATH = YES;
				SDKROOT = iphoneos;
				SWIFT_COMPILATION_MODE = wholemodule;
				SWIFT_OPTIMIZATION_LEVEL = "-O";
				VALIDATE_PRODUCT = YES;
			};
			name = Release;
		};
		A493CF502455F64700EB8947 /* Debug */ = {
			isa = XCBuildConfiguration;
			buildSettings = {
				ASSETCATALOG_COMPILER_APPICON_NAME = AppIcon;
				CODE_SIGN_STYLE = Automatic;
				DEVELOPMENT_TEAM = H3RQC49HYF;
				INFOPLIST_FILE = Cats/Info.plist;
				LD_RUNPATH_SEARCH_PATHS = (
					"$(inherited)",
					"@executable_path/Frameworks",
				);
				PRODUCT_BUNDLE_IDENTIFIER = com.akhaten.Cats;
				PRODUCT_NAME = "$(TARGET_NAME)";
				SWIFT_VERSION = 5.0;
				TARGETED_DEVICE_FAMILY = "1,2";
			};
			name = Debug;
		};
		A493CF512455F64700EB8947 /* Release */ = {
			isa = XCBuildConfiguration;
			buildSettings = {
				ASSETCATALOG_COMPILER_APPICON_NAME = AppIcon;
				CODE_SIGN_STYLE = Automatic;
				DEVELOPMENT_TEAM = H3RQC49HYF;
				INFOPLIST_FILE = Cats/Info.plist;
				LD_RUNPATH_SEARCH_PATHS = (
					"$(inherited)",
					"@executable_path/Frameworks",
				);
				PRODUCT_BUNDLE_IDENTIFIER = com.akhaten.Cats;
				PRODUCT_NAME = "$(TARGET_NAME)";
				SWIFT_VERSION = 5.0;
				TARGETED_DEVICE_FAMILY = "1,2";
			};
			name = Release;
		};
		A493CF532455F64700EB8947 /* Debug */ = {
			isa = XCBuildConfiguration;
			buildSettings = {
				ALWAYS_EMBED_SWIFT_STANDARD_LIBRARIES = YES;
				BUNDLE_LOADER = "$(TEST_HOST)";
				CODE_SIGN_STYLE = Automatic;
				DEVELOPMENT_TEAM = H3RQC49HYF;
				INFOPLIST_FILE = CatsTests/Info.plist;
				IPHONEOS_DEPLOYMENT_TARGET = 13.4;
				LD_RUNPATH_SEARCH_PATHS = (
					"$(inherited)",
					"@executable_path/Frameworks",
					"@loader_path/Frameworks",
				);
				PRODUCT_BUNDLE_IDENTIFIER = com.akhaten.CatsTests;
				PRODUCT_NAME = "$(TARGET_NAME)";
				SWIFT_VERSION = 5.0;
				TARGETED_DEVICE_FAMILY = "1,2";
				TEST_HOST = "$(BUILT_PRODUCTS_DIR)/Cats.app/Cats";
			};
			name = Debug;
		};
		A493CF542455F64700EB8947 /* Release */ = {
			isa = XCBuildConfiguration;
			buildSettings = {
				ALWAYS_EMBED_SWIFT_STANDARD_LIBRARIES = YES;
				BUNDLE_LOADER = "$(TEST_HOST)";
				CODE_SIGN_STYLE = Automatic;
				DEVELOPMENT_TEAM = H3RQC49HYF;
				INFOPLIST_FILE = CatsTests/Info.plist;
				IPHONEOS_DEPLOYMENT_TARGET = 13.4;
				LD_RUNPATH_SEARCH_PATHS = (
					"$(inherited)",
					"@executable_path/Frameworks",
					"@loader_path/Frameworks",
				);
				PRODUCT_BUNDLE_IDENTIFIER = com.akhaten.CatsTests;
				PRODUCT_NAME = "$(TARGET_NAME)";
				SWIFT_VERSION = 5.0;
				TARGETED_DEVICE_FAMILY = "1,2";
				TEST_HOST = "$(BUILT_PRODUCTS_DIR)/Cats.app/Cats";
			};
			name = Release;
		};
/* End XCBuildConfiguration section */

/* Begin XCConfigurationList section */
		A493CF2B2455F64400EB8947 /* Build configuration list for PBXProject "Cats" */ = {
			isa = XCConfigurationList;
			buildConfigurations = (
				A493CF4D2455F64700EB8947 /* Debug */,
				A493CF4E2455F64700EB8947 /* Release */,
			);
			defaultConfigurationIsVisible = 0;
			defaultConfigurationName = Release;
		};
		A493CF4F2455F64700EB8947 /* Build configuration list for PBXNativeTarget "Cats" */ = {
			isa = XCConfigurationList;
			buildConfigurations = (
				A493CF502455F64700EB8947 /* Debug */,
				A493CF512455F64700EB8947 /* Release */,
			);
			defaultConfigurationIsVisible = 0;
			defaultConfigurationName = Release;
		};
		A493CF522455F64700EB8947 /* Build configuration list for PBXNativeTarget "CatsTests" */ = {
			isa = XCConfigurationList;
			buildConfigurations = (
				A493CF532455F64700EB8947 /* Debug */,
				A493CF542455F64700EB8947 /* Release */,
			);
			defaultConfigurationIsVisible = 0;
			defaultConfigurationName = Release;
		};
/* End XCConfigurationList section */

/* Begin XCRemoteSwiftPackageReference section */
		A493CF552455F72A00EB8947 /* XCRemoteSwiftPackageReference "Moya" */ = {
			isa = XCRemoteSwiftPackageReference;
			repositoryURL = "https://github.com/Moya/Moya";
			requirement = {
				kind = upToNextMajorVersion;
				minimumVersion = 14.0.0;
			};
		};
		A493CF5C2455F88800EB8947 /* XCRemoteSwiftPackageReference "PromiseKit" */ = {
			isa = XCRemoteSwiftPackageReference;
			repositoryURL = "https://github.com/mxcl/PromiseKit";
			requirement = {
				kind = upToNextMajorVersion;
				minimumVersion = 6.13.1;
			};
		};
/* End XCRemoteSwiftPackageReference section */

/* Begin XCSwiftPackageProductDependency section */
		A493CF562455F72A00EB8947 /* Moya */ = {
			isa = XCSwiftPackageProductDependency;
			package = A493CF552455F72A00EB8947 /* XCRemoteSwiftPackageReference "Moya" */;
			productName = Moya;
		};
		A493CF5D2455F88800EB8947 /* PromiseKit */ = {
			isa = XCSwiftPackageProductDependency;
			package = A493CF5C2455F88800EB8947 /* XCRemoteSwiftPackageReference "PromiseKit" */;
			productName = PromiseKit;
		};
/* End XCSwiftPackageProductDependency section */
	};
	rootObject = A493CF282455F64400EB8947 /* Project object */;
}
